PODS:
  - AppAuth (1.4.0):
    - AppAuth/Core (= 1.4.0)
    - AppAuth/ExternalUserAgent (= 1.4.0)
  - AppAuth/Core (1.4.0)
  - AppAuth/ExternalUserAgent (1.4.0)
  - appcenter-analytics (4.1.0):
    - AppCenter/Analytics (~> 4.0)
    - AppCenterReactNativeShared (~> 4.0)
    - React-Core
  - appcenter-crashes (4.1.0):
    - AppCenter/Crashes (~> 4.0)
    - AppCenterReactNativeShared (~> 4.0)
    - React-Core
  - AppCenter/Analytics (4.4.1):
    - AppCenter/Core
  - AppCenter/Core (4.4.1)
  - AppCenter/Crashes (4.4.1):
    - AppCenter/Core
  - AppCenterReactNativeShared (4.4.3):
    - AppCenter/Core (= 4.4.1)
  - boost (1.76.0)
  - DoubleConversion (1.1.6)
  - FBLazyVector (0.67.3)
  - FBReactNativeSpec (0.67.3):
    - RCT-Folly (= 2021.06.28.00-v2)
    - RCTRequired (= 0.67.3)
    - RCTTypeSafety (= 0.67.3)
    - React-Core (= 0.67.3)
    - React-jsi (= 0.67.3)
    - ReactCommon/turbomodule/core (= 0.67.3)
  - Firebase/AdMob (7.11.0):
    - Firebase/CoreOnly
    - Google-Mobile-Ads-SDK (~> 7.66)
  - Firebase/CoreOnly (7.11.0):
    - FirebaseCore (= 7.11.0)
  - Firebase/Crashlytics (7.11.0):
    - Firebase/CoreOnly
    - FirebaseCrashlytics (~> 7.11.0)
  - Firebase/DynamicLinks (7.11.0):
    - Firebase/CoreOnly
    - FirebaseDynamicLinks (~> 7.11.0)
  - Firebase/RemoteConfig (7.11.0):
    - Firebase/CoreOnly
    - FirebaseRemoteConfig (~> 7.11.0)
  - FirebaseABTesting (7.11.0):
    - FirebaseCore (~> 7.0)
  - FirebaseCore (7.11.0):
    - FirebaseCoreDiagnostics (~> 7.4)
    - GoogleUtilities/Environment (~> 7.0)
    - GoogleUtilities/Logger (~> 7.0)
  - FirebaseCoreDiagnostics (7.11.0):
    - GoogleDataTransport (~> 8.4)
    - GoogleUtilities/Environment (~> 7.0)
    - GoogleUtilities/Logger (~> 7.0)
    - nanopb (~> 2.30908.0)
  - FirebaseCrashlytics (7.11.0):
    - FirebaseCore (~> 7.0)
    - FirebaseInstallations (~> 7.0)
    - GoogleDataTransport (~> 8.4)
    - nanopb (~> 2.30908.0)
    - PromisesObjC (~> 1.2)
  - FirebaseDynamicLinks (7.11.0):
    - FirebaseCore (~> 7.0)
  - FirebaseInstallations (7.11.0):
    - FirebaseCore (~> 7.0)
    - GoogleUtilities/Environment (~> 7.0)
    - GoogleUtilities/UserDefaults (~> 7.0)
    - PromisesObjC (~> 1.2)
  - FirebaseRemoteConfig (7.11.0):
    - FirebaseABTesting (~> 7.0)
    - FirebaseCore (~> 7.0)
    - FirebaseInstallations (~> 7.0)
    - GoogleUtilities/Environment (~> 7.0)
    - "GoogleUtilities/NSData+zlib (~> 7.0)"
  - fmt (6.2.1)
  - glog (0.3.5)
  - Google-Mobile-Ads-SDK (7.69.0):
    - GoogleAppMeasurement (~> 7.0)
    - GoogleUserMessagingPlatform (~> 1.1)
  - GoogleAppMeasurement (7.11.0):
    - GoogleAppMeasurement/AdIdSupport (= 7.11.0)
    - GoogleUtilities/AppDelegateSwizzler (~> 7.0)
    - GoogleUtilities/MethodSwizzler (~> 7.0)
    - GoogleUtilities/Network (~> 7.0)
    - "GoogleUtilities/NSData+zlib (~> 7.0)"
    - nanopb (~> 2.30908.0)
  - GoogleAppMeasurement/AdIdSupport (7.11.0):
    - GoogleUtilities/AppDelegateSwizzler (~> 7.0)
    - GoogleUtilities/MethodSwizzler (~> 7.0)
    - GoogleUtilities/Network (~> 7.0)
    - "GoogleUtilities/NSData+zlib (~> 7.0)"
    - nanopb (~> 2.30908.0)
  - GoogleDataTransport (8.4.0):
    - GoogleUtilities/Environment (~> 7.2)
    - nanopb (~> 2.30908.0)
    - PromisesObjC (~> 1.2)
  - GoogleSignIn (6.1.0):
    - AppAuth (~> 1.4)
    - GTMAppAuth (~> 1.0)
    - GTMSessionFetcher/Core (~> 1.1)
  - GoogleUserMessagingPlatform (1.4.0)
  - GoogleUtilities/AppDelegateSwizzler (7.7.0):
    - GoogleUtilities/Environment
    - GoogleUtilities/Logger
    - GoogleUtilities/Network
  - GoogleUtilities/Environment (7.7.0):
    - PromisesObjC (< 3.0, >= 1.2)
  - GoogleUtilities/Logger (7.7.0):
    - GoogleUtilities/Environment
  - GoogleUtilities/MethodSwizzler (7.7.0):
    - GoogleUtilities/Logger
  - GoogleUtilities/Network (7.7.0):
    - GoogleUtilities/Logger
    - "GoogleUtilities/NSData+zlib"
    - GoogleUtilities/Reachability
  - "GoogleUtilities/NSData+zlib (7.7.0)"
  - GoogleUtilities/Reachability (7.7.0):
    - GoogleUtilities/Logger
  - GoogleUtilities/UserDefaults (7.7.0):
    - GoogleUtilities/Logger
  - GTMAppAuth (1.2.2):
    - AppAuth/Core (~> 1.4)
    - GTMSessionFetcher/Core (~> 1.5)
  - GTMSessionFetcher/Core (1.7.0)
  - libwebp (1.2.1):
    - libwebp/demux (= 1.2.1)
    - libwebp/mux (= 1.2.1)
    - libwebp/webp (= 1.2.1)
  - libwebp/demux (1.2.1):
    - libwebp/webp
  - libwebp/mux (1.2.1):
    - libwebp/demux
  - libwebp/webp (1.2.1)
  - lottie-ios (3.2.3)
  - lottie-react-native (4.1.3):
    - lottie-ios (~> 3.2.3)
    - React-Core
  - nanopb (2.30908.0):
    - nanopb/decode (= 2.30908.0)
    - nanopb/encode (= 2.30908.0)
  - nanopb/decode (2.30908.0)
  - nanopb/encode (2.30908.0)
  - Permission-Camera (3.2.0):
    - RNPermissions
  - PersonalizedAdConsent (1.0.5)
  - PromisesObjC (1.2.12)
  - RCT-Folly (2021.06.28.00-v2):
    - boost
    - DoubleConversion
    - fmt (~> 6.2.1)
    - glog
    - RCT-Folly/Default (= 2021.06.28.00-v2)
  - RCT-Folly/Default (2021.06.28.00-v2):
    - boost
    - DoubleConversion
    - fmt (~> 6.2.1)
    - glog
  - RCTRequired (0.67.3)
  - RCTTypeSafety (0.67.3):
    - FBLazyVector (= 0.67.3)
    - RCT-Folly (= 2021.06.28.00-v2)
    - RCTRequired (= 0.67.3)
    - React-Core (= 0.67.3)
  - React (0.67.3):
    - React-Core (= 0.67.3)
    - React-Core/DevSupport (= 0.67.3)
    - React-Core/RCTWebSocket (= 0.67.3)
    - React-RCTActionSheet (= 0.67.3)
    - React-RCTAnimation (= 0.67.3)
    - React-RCTBlob (= 0.67.3)
    - React-RCTImage (= 0.67.3)
    - React-RCTLinking (= 0.67.3)
    - React-RCTNetwork (= 0.67.3)
    - React-RCTSettings (= 0.67.3)
    - React-RCTText (= 0.67.3)
    - React-RCTVibration (= 0.67.3)
  - React-callinvoker (0.67.3)
  - React-Core (0.67.3):
    - glog
    - RCT-Folly (= 2021.06.28.00-v2)
    - React-Core/Default (= 0.67.3)
    - React-cxxreact (= 0.67.3)
    - React-jsi (= 0.67.3)
    - React-jsiexecutor (= 0.67.3)
    - React-perflogger (= 0.67.3)
    - Yoga
  - React-Core/CoreModulesHeaders (0.67.3):
    - glog
    - RCT-Folly (= 2021.06.28.00-v2)
    - React-Core/Default
    - React-cxxreact (= 0.67.3)
    - React-jsi (= 0.67.3)
    - React-jsiexecutor (= 0.67.3)
    - React-perflogger (= 0.67.3)
    - Yoga
  - React-Core/Default (0.67.3):
    - glog
    - RCT-Folly (= 2021.06.28.00-v2)
    - React-cxxreact (= 0.67.3)
    - React-jsi (= 0.67.3)
    - React-jsiexecutor (= 0.67.3)
    - React-perflogger (= 0.67.3)
    - Yoga
  - React-Core/DevSupport (0.67.3):
    - glog
    - RCT-Folly (= 2021.06.28.00-v2)
    - React-Core/Default (= 0.67.3)
    - React-Core/RCTWebSocket (= 0.67.3)
    - React-cxxreact (= 0.67.3)
    - React-jsi (= 0.67.3)
    - React-jsiexecutor (= 0.67.3)
    - React-jsinspector (= 0.67.3)
    - React-perflogger (= 0.67.3)
    - Yoga
  - React-Core/RCTActionSheetHeaders (0.67.3):
    - glog
    - RCT-Folly (= 2021.06.28.00-v2)
    - React-Core/Default
    - React-cxxreact (= 0.67.3)
    - React-jsi (= 0.67.3)
    - React-jsiexecutor (= 0.67.3)
    - React-perflogger (= 0.67.3)
    - Yoga
  - React-Core/RCTAnimationHeaders (0.67.3):
    - glog
    - RCT-Folly (= 2021.06.28.00-v2)
    - React-Core/Default
    - React-cxxreact (= 0.67.3)
    - React-jsi (= 0.67.3)
    - React-jsiexecutor (= 0.67.3)
    - React-perflogger (= 0.67.3)
    - Yoga
  - React-Core/RCTBlobHeaders (0.67.3):
    - glog
    - RCT-Folly (= 2021.06.28.00-v2)
    - React-Core/Default
    - React-cxxreact (= 0.67.3)
    - React-jsi (= 0.67.3)
    - React-jsiexecutor (= 0.67.3)
    - React-perflogger (= 0.67.3)
    - Yoga
  - React-Core/RCTImageHeaders (0.67.3):
    - glog
    - RCT-Folly (= 2021.06.28.00-v2)
    - React-Core/Default
    - React-cxxreact (= 0.67.3)
    - React-jsi (= 0.67.3)
    - React-jsiexecutor (= 0.67.3)
    - React-perflogger (= 0.67.3)
    - Yoga
  - React-Core/RCTLinkingHeaders (0.67.3):
    - glog
    - RCT-Folly (= 2021.06.28.00-v2)
    - React-Core/Default
    - React-cxxreact (= 0.67.3)
    - React-jsi (= 0.67.3)
    - React-jsiexecutor (= 0.67.3)
    - React-perflogger (= 0.67.3)
    - Yoga
  - React-Core/RCTNetworkHeaders (0.67.3):
    - glog
    - RCT-Folly (= 2021.06.28.00-v2)
    - React-Core/Default
    - React-cxxreact (= 0.67.3)
    - React-jsi (= 0.67.3)
    - React-jsiexecutor (= 0.67.3)
    - React-perflogger (= 0.67.3)
    - Yoga
  - React-Core/RCTSettingsHeaders (0.67.3):
    - glog
    - RCT-Folly (= 2021.06.28.00-v2)
    - React-Core/Default
    - React-cxxreact (= 0.67.3)
    - React-jsi (= 0.67.3)
    - React-jsiexecutor (= 0.67.3)
    - React-perflogger (= 0.67.3)
    - Yoga
  - React-Core/RCTTextHeaders (0.67.3):
    - glog
    - RCT-Folly (= 2021.06.28.00-v2)
    - React-Core/Default
    - React-cxxreact (= 0.67.3)
    - React-jsi (= 0.67.3)
    - React-jsiexecutor (= 0.67.3)
    - React-perflogger (= 0.67.3)
    - Yoga
  - React-Core/RCTVibrationHeaders (0.67.3):
    - glog
    - RCT-Folly (= 2021.06.28.00-v2)
    - React-Core/Default
    - React-cxxreact (= 0.67.3)
    - React-jsi (= 0.67.3)
    - React-jsiexecutor (= 0.67.3)
    - React-perflogger (= 0.67.3)
    - Yoga
  - React-Core/RCTWebSocket (0.67.3):
    - glog
    - RCT-Folly (= 2021.06.28.00-v2)
    - React-Core/Default (= 0.67.3)
    - React-cxxreact (= 0.67.3)
    - React-jsi (= 0.67.3)
    - React-jsiexecutor (= 0.67.3)
    - React-perflogger (= 0.67.3)
    - Yoga
  - React-CoreModules (0.67.3):
    - FBReactNativeSpec (= 0.67.3)
    - RCT-Folly (= 2021.06.28.00-v2)
    - RCTTypeSafety (= 0.67.3)
    - React-Core/CoreModulesHeaders (= 0.67.3)
    - React-jsi (= 0.67.3)
    - React-RCTImage (= 0.67.3)
    - ReactCommon/turbomodule/core (= 0.67.3)
  - React-cxxreact (0.67.3):
    - boost (= 1.76.0)
    - DoubleConversion
    - glog
    - RCT-Folly (= 2021.06.28.00-v2)
    - React-callinvoker (= 0.67.3)
    - React-jsi (= 0.67.3)
    - React-jsinspector (= 0.67.3)
    - React-logger (= 0.67.3)
    - React-perflogger (= 0.67.3)
    - React-runtimeexecutor (= 0.67.3)
  - React-jsi (0.67.3):
    - boost (= 1.76.0)
    - DoubleConversion
    - glog
    - RCT-Folly (= 2021.06.28.00-v2)
    - React-jsi/Default (= 0.67.3)
  - React-jsi/Default (0.67.3):
    - boost (= 1.76.0)
    - DoubleConversion
    - glog
    - RCT-Folly (= 2021.06.28.00-v2)
  - React-jsiexecutor (0.67.3):
    - DoubleConversion
    - glog
    - RCT-Folly (= 2021.06.28.00-v2)
    - React-cxxreact (= 0.67.3)
    - React-jsi (= 0.67.3)
    - React-perflogger (= 0.67.3)
  - React-jsinspector (0.67.3)
  - React-logger (0.67.3):
    - glog
  - react-native-camera (4.2.1):
    - React-Core
    - react-native-camera/RCT (= 4.2.1)
    - react-native-camera/RN (= 4.2.1)
  - react-native-camera/RCT (4.2.1):
    - React-Core
  - react-native-camera/RN (4.2.1):
    - React-Core
  - react-native-cloud-fs (1.0.0):
    - React
  - react-native-config (1.4.5):
    - react-native-config/App (= 1.4.5)
  - react-native-config/App (1.4.5):
    - React-Core
  - react-native-pager-view (5.4.9):
    - React-Core
  - react-native-randombytes (3.6.1):
    - React-Core
  - react-native-safe-area-context (3.2.0):
    - React-Core
  - react-native-splash-screen (3.3.0):
    - React-Core
  - react-native-udp (2.7.0):
    - React
  - react-native-webview (11.17.1):
    - React-Core
  - React-perflogger (0.67.3)
  - React-RCTActionSheet (0.67.3):
    - React-Core/RCTActionSheetHeaders (= 0.67.3)
  - React-RCTAnimation (0.67.3):
    - FBReactNativeSpec (= 0.67.3)
    - RCT-Folly (= 2021.06.28.00-v2)
    - RCTTypeSafety (= 0.67.3)
    - React-Core/RCTAnimationHeaders (= 0.67.3)
    - React-jsi (= 0.67.3)
    - ReactCommon/turbomodule/core (= 0.67.3)
  - React-RCTBlob (0.67.3):
    - FBReactNativeSpec (= 0.67.3)
    - RCT-Folly (= 2021.06.28.00-v2)
    - React-Core/RCTBlobHeaders (= 0.67.3)
    - React-Core/RCTWebSocket (= 0.67.3)
    - React-jsi (= 0.67.3)
    - React-RCTNetwork (= 0.67.3)
    - ReactCommon/turbomodule/core (= 0.67.3)
  - React-RCTImage (0.67.3):
    - FBReactNativeSpec (= 0.67.3)
    - RCT-Folly (= 2021.06.28.00-v2)
    - RCTTypeSafety (= 0.67.3)
    - React-Core/RCTImageHeaders (= 0.67.3)
    - React-jsi (= 0.67.3)
    - React-RCTNetwork (= 0.67.3)
    - ReactCommon/turbomodule/core (= 0.67.3)
  - React-RCTLinking (0.67.3):
    - FBReactNativeSpec (= 0.67.3)
    - React-Core/RCTLinkingHeaders (= 0.67.3)
    - React-jsi (= 0.67.3)
    - ReactCommon/turbomodule/core (= 0.67.3)
  - React-RCTNetwork (0.67.3):
    - FBReactNativeSpec (= 0.67.3)
    - RCT-Folly (= 2021.06.28.00-v2)
    - RCTTypeSafety (= 0.67.3)
    - React-Core/RCTNetworkHeaders (= 0.67.3)
    - React-jsi (= 0.67.3)
    - ReactCommon/turbomodule/core (= 0.67.3)
  - React-RCTSettings (0.67.3):
    - FBReactNativeSpec (= 0.67.3)
    - RCT-Folly (= 2021.06.28.00-v2)
    - RCTTypeSafety (= 0.67.3)
    - React-Core/RCTSettingsHeaders (= 0.67.3)
    - React-jsi (= 0.67.3)
    - ReactCommon/turbomodule/core (= 0.67.3)
  - React-RCTText (0.67.3):
    - React-Core/RCTTextHeaders (= 0.67.3)
  - React-RCTVibration (0.67.3):
    - FBReactNativeSpec (= 0.67.3)
    - RCT-Folly (= 2021.06.28.00-v2)
    - React-Core/RCTVibrationHeaders (= 0.67.3)
    - React-jsi (= 0.67.3)
    - ReactCommon/turbomodule/core (= 0.67.3)
  - React-runtimeexecutor (0.67.3):
    - React-jsi (= 0.67.3)
  - ReactCommon/turbomodule/core (0.67.3):
    - DoubleConversion
    - glog
    - RCT-Folly (= 2021.06.28.00-v2)
    - React-callinvoker (= 0.67.3)
    - React-Core (= 0.67.3)
    - React-cxxreact (= 0.67.3)
    - React-jsi (= 0.67.3)
    - React-logger (= 0.67.3)
    - React-perflogger (= 0.67.3)
  - ReactNativeLocalization (2.1.7):
    - React-Core
  - RNCAsyncStorage (1.16.2):
    - React-Core
  - RNCClipboard (1.5.1):
    - React-Core
  - RNCMaskedView (0.1.10):
    - React
  - RNDeviceInfo (8.4.8):
    - React-Core
  - RNFastImage (8.5.11):
    - React-Core
    - SDWebImage (~> 5.11.1)
    - SDWebImageWebPCoder (~> 0.8.4)
  - RNFBAdMob (11.5.0):
    - Firebase/AdMob (= 7.11.0)
    - PersonalizedAdConsent (~> 1.0.5)
    - React-Core
    - RNFBApp
  - RNFBApp (11.5.0):
    - Firebase/CoreOnly (= 7.11.0)
    - React-Core
  - RNFBCrashlytics (11.5.0):
    - Firebase/Crashlytics (= 7.11.0)
    - React-Core
    - RNFBApp
  - RNFBDynamicLinks (11.5.0):
    - Firebase/DynamicLinks (= 7.11.0)
    - GoogleUtilities/AppDelegateSwizzler
    - React-Core
    - RNFBApp
  - RNFBRemoteConfig (11.5.0):
    - Firebase/RemoteConfig (= 7.11.0)
    - React-Core
    - RNFBApp
  - RNGestureHandler (1.10.3):
    - React-Core
  - RNGoogleSignin (7.2.1):
    - GoogleSignIn (~> 6.1.0)
    - React-Core
  - RNOS (1.2.6):
    - React
  - RNPermissions (3.2.0):
    - React-Core
  - RNReanimated (2.1.0):
    - DoubleConversion
    - FBLazyVector
    - FBReactNativeSpec
    - glog
    - RCT-Folly
    - RCTRequired
    - RCTTypeSafety
    - React
    - React-callinvoker
    - React-Core
    - React-Core/DevSupport
    - React-Core/RCTWebSocket
    - React-CoreModules
    - React-cxxreact
    - React-jsi
    - React-jsiexecutor
    - React-jsinspector
    - React-RCTActionSheet
    - React-RCTAnimation
    - React-RCTBlob
    - React-RCTImage
    - React-RCTLinking
    - React-RCTNetwork
    - React-RCTSettings
    - React-RCTText
    - React-RCTVibration
    - ReactCommon/turbomodule/core
    - Yoga
  - RNScreens (3.1.1):
    - React-Core
  - RNSVG (12.1.1):
    - React
  - RNVectorIcons (8.1.0):
    - React-Core
  - SDWebImage (5.11.1):
    - SDWebImage/Core (= 5.11.1)
  - SDWebImage/Core (5.11.1)
  - SDWebImageWebPCoder (0.8.4):
    - libwebp (~> 1.0)
    - SDWebImage/Core (~> 5.10)
  - TcpSockets (3.3.2):
    - React
  - Yoga (1.14.0)

DEPENDENCIES:
  - appcenter-analytics (from `../node_modules/appcenter-analytics/ios`)
  - appcenter-crashes (from `../node_modules/appcenter-crashes/ios`)
  - boost (from `../node_modules/react-native/third-party-podspecs/boost.podspec`)
  - DoubleConversion (from `../node_modules/react-native/third-party-podspecs/DoubleConversion.podspec`)
  - FBLazyVector (from `../node_modules/react-native/Libraries/FBLazyVector`)
  - FBReactNativeSpec (from `../node_modules/react-native/React/FBReactNativeSpec`)
  - glog (from `../node_modules/react-native/third-party-podspecs/glog.podspec`)
  - lottie-react-native (from `../node_modules/lottie-react-native`)
  - Permission-Camera (from `../node_modules/react-native-permissions/ios/Camera`)
  - RCT-Folly (from `../node_modules/react-native/third-party-podspecs/RCT-Folly.podspec`)
  - RCTRequired (from `../node_modules/react-native/Libraries/RCTRequired`)
  - RCTTypeSafety (from `../node_modules/react-native/Libraries/TypeSafety`)
  - React (from `../node_modules/react-native/`)
  - React-callinvoker (from `../node_modules/react-native/ReactCommon/callinvoker`)
  - React-Core (from `../node_modules/react-native/`)
  - React-Core/DevSupport (from `../node_modules/react-native/`)
  - React-Core/RCTWebSocket (from `../node_modules/react-native/`)
  - React-CoreModules (from `../node_modules/react-native/React/CoreModules`)
  - React-cxxreact (from `../node_modules/react-native/ReactCommon/cxxreact`)
  - React-jsi (from `../node_modules/react-native/ReactCommon/jsi`)
  - React-jsiexecutor (from `../node_modules/react-native/ReactCommon/jsiexecutor`)
  - React-jsinspector (from `../node_modules/react-native/ReactCommon/jsinspector`)
  - React-logger (from `../node_modules/react-native/ReactCommon/logger`)
  - react-native-camera (from `../node_modules/react-native-camera`)
  - react-native-cloud-fs (from `../node_modules/react-native-cloud-fs`)
  - react-native-config (from `../node_modules/react-native-config`)
  - react-native-pager-view (from `../node_modules/react-native-pager-view`)
  - react-native-randombytes (from `../node_modules/react-native-randombytes`)
  - react-native-safe-area-context (from `../node_modules/react-native-safe-area-context`)
  - react-native-splash-screen (from `../node_modules/react-native-splash-screen`)
  - react-native-udp (from `../node_modules/react-native-udp`)
  - react-native-webview (from `../node_modules/react-native-webview`)
  - React-perflogger (from `../node_modules/react-native/ReactCommon/reactperflogger`)
  - React-RCTActionSheet (from `../node_modules/react-native/Libraries/ActionSheetIOS`)
  - React-RCTAnimation (from `../node_modules/react-native/Libraries/NativeAnimation`)
  - React-RCTBlob (from `../node_modules/react-native/Libraries/Blob`)
  - React-RCTImage (from `../node_modules/react-native/Libraries/Image`)
  - React-RCTLinking (from `../node_modules/react-native/Libraries/LinkingIOS`)
  - React-RCTNetwork (from `../node_modules/react-native/Libraries/Network`)
  - React-RCTSettings (from `../node_modules/react-native/Libraries/Settings`)
  - React-RCTText (from `../node_modules/react-native/Libraries/Text`)
  - React-RCTVibration (from `../node_modules/react-native/Libraries/Vibration`)
  - React-runtimeexecutor (from `../node_modules/react-native/ReactCommon/runtimeexecutor`)
  - ReactCommon/turbomodule/core (from `../node_modules/react-native/ReactCommon`)
  - ReactNativeLocalization (from `../node_modules/react-native-localization`)
  - "RNCAsyncStorage (from `../node_modules/@react-native-async-storage/async-storage`)"
  - "RNCClipboard (from `../node_modules/@react-native-community/clipboard`)"
  - "RNCMaskedView (from `../node_modules/@react-native-community/masked-view`)"
  - RNDeviceInfo (from `../node_modules/react-native-device-info`)
  - RNFastImage (from `../node_modules/react-native-fast-image`)
  - "RNFBAdMob (from `../node_modules/@react-native-firebase/admob`)"
  - "RNFBApp (from `../node_modules/@react-native-firebase/app`)"
  - "RNFBCrashlytics (from `../node_modules/@react-native-firebase/crashlytics`)"
  - "RNFBDynamicLinks (from `../node_modules/@react-native-firebase/dynamic-links`)"
  - "RNFBRemoteConfig (from `../node_modules/@react-native-firebase/remote-config`)"
  - RNGestureHandler (from `../node_modules/react-native-gesture-handler`)
  - "RNGoogleSignin (from `../node_modules/@react-native-google-signin/google-signin`)"
  - RNOS (from `../node_modules/react-native-os`)
  - RNPermissions (from `../node_modules/react-native-permissions`)
  - RNReanimated (from `../node_modules/react-native-reanimated`)
  - RNScreens (from `../node_modules/react-native-screens`)
  - RNSVG (from `../node_modules/react-native-svg`)
  - RNVectorIcons (from `../node_modules/react-native-vector-icons`)
  - TcpSockets (from `../node_modules/react-native-tcp`)
  - Yoga (from `../node_modules/react-native/ReactCommon/yoga`)

SPEC REPOS:
  trunk:
    - AppAuth
    - AppCenter
    - AppCenterReactNativeShared
    - Firebase
    - FirebaseABTesting
    - FirebaseCore
    - FirebaseCoreDiagnostics
    - FirebaseCrashlytics
    - FirebaseDynamicLinks
    - FirebaseInstallations
    - FirebaseRemoteConfig
    - fmt
    - Google-Mobile-Ads-SDK
    - GoogleAppMeasurement
    - GoogleDataTransport
    - GoogleSignIn
    - GoogleUserMessagingPlatform
    - GoogleUtilities
    - GTMAppAuth
    - GTMSessionFetcher
    - libwebp
    - lottie-ios
    - nanopb
    - PersonalizedAdConsent
    - PromisesObjC
    - SDWebImage
    - SDWebImageWebPCoder

EXTERNAL SOURCES:
  appcenter-analytics:
    :path: "../node_modules/appcenter-analytics/ios"
  appcenter-crashes:
    :path: "../node_modules/appcenter-crashes/ios"
  boost:
    :podspec: "../node_modules/react-native/third-party-podspecs/boost.podspec"
  DoubleConversion:
    :podspec: "../node_modules/react-native/third-party-podspecs/DoubleConversion.podspec"
  FBLazyVector:
    :path: "../node_modules/react-native/Libraries/FBLazyVector"
  FBReactNativeSpec:
    :path: "../node_modules/react-native/React/FBReactNativeSpec"
  glog:
    :podspec: "../node_modules/react-native/third-party-podspecs/glog.podspec"
  lottie-react-native:
    :path: "../node_modules/lottie-react-native"
  Permission-Camera:
    :path: "../node_modules/react-native-permissions/ios/Camera"
  RCT-Folly:
    :podspec: "../node_modules/react-native/third-party-podspecs/RCT-Folly.podspec"
  RCTRequired:
    :path: "../node_modules/react-native/Libraries/RCTRequired"
  RCTTypeSafety:
    :path: "../node_modules/react-native/Libraries/TypeSafety"
  React:
    :path: "../node_modules/react-native/"
  React-callinvoker:
    :path: "../node_modules/react-native/ReactCommon/callinvoker"
  React-Core:
    :path: "../node_modules/react-native/"
  React-CoreModules:
    :path: "../node_modules/react-native/React/CoreModules"
  React-cxxreact:
    :path: "../node_modules/react-native/ReactCommon/cxxreact"
  React-jsi:
    :path: "../node_modules/react-native/ReactCommon/jsi"
  React-jsiexecutor:
    :path: "../node_modules/react-native/ReactCommon/jsiexecutor"
  React-jsinspector:
    :path: "../node_modules/react-native/ReactCommon/jsinspector"
  React-logger:
    :path: "../node_modules/react-native/ReactCommon/logger"
  react-native-camera:
    :path: "../node_modules/react-native-camera"
  react-native-cloud-fs:
    :path: "../node_modules/react-native-cloud-fs"
  react-native-config:
    :path: "../node_modules/react-native-config"
  react-native-pager-view:
    :path: "../node_modules/react-native-pager-view"
  react-native-randombytes:
    :path: "../node_modules/react-native-randombytes"
  react-native-safe-area-context:
    :path: "../node_modules/react-native-safe-area-context"
  react-native-splash-screen:
    :path: "../node_modules/react-native-splash-screen"
  react-native-udp:
    :path: "../node_modules/react-native-udp"
  react-native-webview:
    :path: "../node_modules/react-native-webview"
  React-perflogger:
    :path: "../node_modules/react-native/ReactCommon/reactperflogger"
  React-RCTActionSheet:
    :path: "../node_modules/react-native/Libraries/ActionSheetIOS"
  React-RCTAnimation:
    :path: "../node_modules/react-native/Libraries/NativeAnimation"
  React-RCTBlob:
    :path: "../node_modules/react-native/Libraries/Blob"
  React-RCTImage:
    :path: "../node_modules/react-native/Libraries/Image"
  React-RCTLinking:
    :path: "../node_modules/react-native/Libraries/LinkingIOS"
  React-RCTNetwork:
    :path: "../node_modules/react-native/Libraries/Network"
  React-RCTSettings:
    :path: "../node_modules/react-native/Libraries/Settings"
  React-RCTText:
    :path: "../node_modules/react-native/Libraries/Text"
  React-RCTVibration:
    :path: "../node_modules/react-native/Libraries/Vibration"
  React-runtimeexecutor:
    :path: "../node_modules/react-native/ReactCommon/runtimeexecutor"
  ReactCommon:
    :path: "../node_modules/react-native/ReactCommon"
  ReactNativeLocalization:
    :path: "../node_modules/react-native-localization"
  RNCAsyncStorage:
    :path: "../node_modules/@react-native-async-storage/async-storage"
  RNCClipboard:
    :path: "../node_modules/@react-native-community/clipboard"
  RNCMaskedView:
    :path: "../node_modules/@react-native-community/masked-view"
  RNDeviceInfo:
    :path: "../node_modules/react-native-device-info"
  RNFastImage:
    :path: "../node_modules/react-native-fast-image"
  RNFBAdMob:
    :path: "../node_modules/@react-native-firebase/admob"
  RNFBApp:
    :path: "../node_modules/@react-native-firebase/app"
  RNFBCrashlytics:
    :path: "../node_modules/@react-native-firebase/crashlytics"
  RNFBDynamicLinks:
    :path: "../node_modules/@react-native-firebase/dynamic-links"
  RNFBRemoteConfig:
    :path: "../node_modules/@react-native-firebase/remote-config"
  RNGestureHandler:
    :path: "../node_modules/react-native-gesture-handler"
  RNGoogleSignin:
    :path: "../node_modules/@react-native-google-signin/google-signin"
  RNOS:
    :path: "../node_modules/react-native-os"
  RNPermissions:
    :path: "../node_modules/react-native-permissions"
  RNReanimated:
    :path: "../node_modules/react-native-reanimated"
  RNScreens:
    :path: "../node_modules/react-native-screens"
  RNSVG:
    :path: "../node_modules/react-native-svg"
  RNVectorIcons:
    :path: "../node_modules/react-native-vector-icons"
  TcpSockets:
    :path: "../node_modules/react-native-tcp"
  Yoga:
    :path: "../node_modules/react-native/ReactCommon/yoga"

SPEC CHECKSUMS:
  AppAuth: 31bcec809a638d7bd2f86ea8a52bd45f6e81e7c7
  AppCenter: b0b6f1190215b5f983c42934db718f3b46fff3c0
  appcenter-analytics: aa074250b2cb182d6f7d67d9c236dd4606673ab5
  appcenter-crashes: 804ae51c5d1742ce20fdb6a68b3d06208a404ad5
  AppCenterReactNativeShared: ac6961204492735ce2507df0a14ce59b13e9c1c5
  boost: a7c83b31436843459a1961bfd74b96033dc77234
  DoubleConversion: 831926d9b8bf8166fd87886c4abab286c2422662
  FBLazyVector: 808f741ddb0896a20e5b98cc665f5b3413b072e2
  FBReactNativeSpec: 94473205b8741b61402e8c51716dea34aa3f5b2f
  Firebase: c121feb35e4126c0b355e3313fa9b487d47319fd
  FirebaseABTesting: e66f1f80747792630d9b292966de206d5df9853b
  FirebaseCore: 907447d8917a4d3eb0cce2829c5a0ad21d90b432
  FirebaseCoreDiagnostics: 68ad972f99206cef818230f3f3179d52ccfb7f8c
  FirebaseCrashlytics: 272b675aa9d1e9bae1f9e1449fcc1f2cf6042806
  FirebaseDynamicLinks: 07f101c20bb40fd39f6b3e5278a64a5f2f660dc1
  FirebaseInstallations: a58d4f72ec5861840b84df489f2668d970df558a
  FirebaseRemoteConfig: 0ea30de5fb0231df8c1bdcdf3b6c23bdc5066131
  fmt: ff9d55029c625d3757ed641535fd4a75fedc7ce9
  glog: 85ecdd10ee8d8ec362ef519a6a45ff9aa27b2e85
  Google-Mobile-Ads-SDK: 2f288748a42920d1c744946a460896a95b0e9110
  GoogleAppMeasurement: fd19169c3034975cb934e865e5667bfdce59df7f
  GoogleDataTransport: cd9db2180fcecd8da1b561aea31e3e56cf834aa7
  GoogleSignIn: c90b5bec45e780f54c6a8e1e3c182a86e3dda69d
  GoogleUserMessagingPlatform: b168e8c46cd8f92aa3e34b584c4ca78a411ce367
  GoogleUtilities: e0913149f6b0625b553d70dae12b49fc62914fd1
  GTMAppAuth: ad5c2b70b9a8689e1a04033c9369c4915bfcbe89
  GTMSessionFetcher: 43748f93435c2aa068b1cbe39655aaf600652e91
  libwebp: 98a37e597e40bfdb4c911fc98f2c53d0b12d05fc
  lottie-ios: c058aeafa76daa4cf64d773554bccc8385d0150e
  lottie-react-native: b561920bba7ec727ec94a473b683cffba00faece
  nanopb: a0ba3315591a9ae0a16a309ee504766e90db0c96
  Permission-Camera: 9eb618fd601ae4a674b072c3b0d37f109d7b91e5
  PersonalizedAdConsent: dbecabb3467df967c16d9cebc2ef4a8890e4bbd8
  PromisesObjC: 3113f7f76903778cf4a0586bd1ab89329a0b7b97
  RCT-Folly: 803a9cfd78114b2ec0f140cfa6fa2a6bafb2d685
  RCTRequired: 3c77b683474faf23920fbefc71c4e13af21470c0
  RCTTypeSafety: 720b1841260dac692444c2822b27403178da8b28
  React: 25970dd74abbdac449ca66dec4107652cacc606d
  React-callinvoker: 2d158700bc27b3d49c3c95721d288ed6c1a489ef
  React-Core: 306cfdc1393bcf9481cc5de9807608db7661817b
  React-CoreModules: 2576a88d630899f3fcdf2cb79fcc0454d7b2a8bb
  React-cxxreact: a492f0de07d875419dcb9f463c63c22fe51c433b
  React-jsi: bca092b0c38d5e3fd60bb491d4994ab4a8ac2ad3
  React-jsiexecutor: 15ea57ead631a11fad57634ff69f78e797113a39
  React-jsinspector: 1e1e03345cf6d47779e2061d679d0a87d9ae73d8
  React-logger: 1e10789cb84f99288479ba5f20822ce43ced6ffe
  react-native-camera: 210a872c84d3aa0982a9223047ef9e743ed694fa
  react-native-cloud-fs: 61da77476a51e59af2845093badc0c9eeb2edc56
  react-native-config: 6502b1879f97ed5ac570a029961fc35ea606cd14
  react-native-pager-view: 311c10a4eead1be627cad59062aa059d8108b943
  react-native-randombytes: 5fc412efe7b5c55b9002c0004d75fe5fabcaa507
  react-native-safe-area-context: e471852c5ed67eea4b10c5d9d43c1cebae3b231d
  react-native-splash-screen: 4312f786b13a81b5169ef346d76d33bc0c6dc457
  react-native-udp: ccbd878f0f3b968217fc7e3d5eb5839fcaab8b6c
  react-native-webview: de5e884d2b4de766c2bdc5d664621b1e4e988427
  React-perflogger: 93d3f142d6d9a46e635f09ba0518027215a41098
  React-RCTActionSheet: 87327c3722203cc79cf79d02fb83e7332aeedd18
  React-RCTAnimation: 009c87c018d50e0b38692699405ebe631ff4872d
  React-RCTBlob: 9e30308cc1b127af11c8f858514d2d8638ce36d7
  React-RCTImage: b9460cb8e3acc51410735a234a9dffbf4964f540
  React-RCTLinking: 73ecf0b87b515383a08ebbf07f558c48de1f0027
  React-RCTNetwork: 8f63119f2da99a94515ad0e0d0a13f9b3f6fe89d
  React-RCTSettings: b827282b1ac2bd98515c0c09f5cbc5062ebd83b0
  React-RCTText: 6d09140f514e1f60aff255e0acdf16e3b486ba4c
  React-RCTVibration: d0361f15ea978958fab7ffb6960f475b5063d83f
  React-runtimeexecutor: af1946623656f9c5fd64ca6f36f3863516193446
  ReactCommon: 650e33cde4fb7d36781cd3143f5276da0abb2f96
  ReactNativeLocalization: 6535b6a1425eb3bd8cd32285810931d9709ffa5d
  RNCAsyncStorage: 2d5f0ed8041b6e8e9c23b8c524e320f8c73eb356
  RNCClipboard: 5e299c6df8e0c98f3d7416b86ae563d3a9f768a3
  RNCMaskedView: f5c7d14d6847b7b44853f7acb6284c1da30a3459
  RNDeviceInfo: 417b2ef4456c13a9d50ad8c57895eea837b735a8
  RNFastImage: 1f2cab428712a4baaf78d6169eaec7f622556dd7
  RNFBAdMob: a2b5f148468b16d02543707d4627bc9a19016bf3
  RNFBApp: 9c90f9d576861947ba75fe0830567c570bcbcf6d
  RNFBCrashlytics: 8eafacfe3dc4aeb7733c3c3d65228f4e75861e72
  RNFBDynamicLinks: 53f5621a2ab44b6f967f2240f1b7d56f8b6c74de
  RNFBRemoteConfig: d2c532f1fee5862a7518190211ea2a28123167c5
  RNGestureHandler: a479ebd5ed4221a810967000735517df0d2db211
  RNGoogleSignin: 0113bbfea7522e8f89476db1e6502b8f006b0f1e
  RNOS: 6f2f9a70895bbbfbdad7196abd952e7b01d45027
  RNPermissions: bf844d392fe0ecbfbd2e4ae2b88cc32f2f09b369
  RNReanimated: 1ac4d8a3ead7497e1ab3fd011b0120943ffff868
  RNScreens: bd1523c3bde7069b8e958e5a16e1fc7722ad0bdd
  RNSVG: 551acb6562324b1d52a4e0758f7ca0ec234e278f
  RNVectorIcons: 31cebfcf94e8cf8686eb5303ae0357da64d7a5a4
  SDWebImage: a7f831e1a65eb5e285e3fb046a23fcfbf08e696d
  SDWebImageWebPCoder: f93010f3f6c031e2f8fb3081ca4ee6966c539815
  TcpSockets: 8d839b9b14f6f344d98e4642ded13ab3112b462d
  Yoga: 90dcd029e45d8a7c1ff059e8b3c6612ff409061a

PODFILE CHECKSUM: e16a78452b7a088a9b51aa98c19e4115a23d7f33

COCOAPODS: 1.11.2
